// !$*UTF8*$!
{
	archiveVersion = 1;
	classes = {
	};
	objectVersion = 46;
	objects = {

/* Begin PBXBuildFile section */
		00C59E2A1888F47900697980 /* Foundation.framework in Frameworks */ = {isa = PBXBuildFile; fileRef = 00C59E291888F47900697980 /* Foundation.framework */; };
		00C59E2C1888F47900697980 /* CoreGraphics.framework in Frameworks */ = {isa = PBXBuildFile; fileRef = 00C59E2B1888F47900697980 /* CoreGraphics.framework */; };
		00C59E2E1888F47900697980 /* UIKit.framework in Frameworks */ = {isa = PBXBuildFile; fileRef = 00C59E2D1888F47900697980 /* UIKit.framework */; };
		00C59E341888F47900697980 /* InfoPlist.strings in Resources */ = {isa = PBXBuildFile; fileRef = 00C59E321888F47900697980 /* InfoPlist.strings */; };
		00C59E361888F47900697980 /* main.m in Sources */ = {isa = PBXBuildFile; fileRef = 00C59E351888F47900697980 /* main.m */; };
		00C59E3A1888F47900697980 /* AppDelegate.m in Sources */ = {isa = PBXBuildFile; fileRef = 00C59E391888F47900697980 /* AppDelegate.m */; };
		00C59E3D1888F47900697980 /* Main.storyboard in Resources */ = {isa = PBXBuildFile; fileRef = 00C59E3B1888F47900697980 /* Main.storyboard */; };
		00C59E401888F47900697980 /* ViewController.m in Sources */ = {isa = PBXBuildFile; fileRef = 00C59E3F1888F47900697980 /* ViewController.m */; };
		00C59E421888F47900697980 /* Images.xcassets in Resources */ = {isa = PBXBuildFile; fileRef = 00C59E411888F47900697980 /* Images.xcassets */; };
		00C59E491888F47900697980 /* XCTest.framework in Frameworks */ = {isa = PBXBuildFile; fileRef = 00C59E481888F47900697980 /* XCTest.framework */; };
		00C59E4A1888F47900697980 /* Foundation.framework in Frameworks */ = {isa = PBXBuildFile; fileRef = 00C59E291888F47900697980 /* Foundation.framework */; };
		00C59E4B1888F47900697980 /* UIKit.framework in Frameworks */ = {isa = PBXBuildFile; fileRef = 00C59E2D1888F47900697980 /* UIKit.framework */; };
		00C59E531888F47900697980 /* InfoPlist.strings in Resources */ = {isa = PBXBuildFile; fileRef = 00C59E511888F47900697980 /* InfoPlist.strings */; };
		00C59E551888F47900697980 /* GPSManagerAppTests.m in Sources */ = {isa = PBXBuildFile; fileRef = 00C59E541888F47900697980 /* GPSManagerAppTests.m */; };
		00C59E5F1888F48100697980 /* CoreLocation.framework in Frameworks */ = {isa = PBXBuildFile; fileRef = 00C59E5E1888F48100697980 /* CoreLocation.framework */; };
		00C59E611888F48800697980 /* QuartzCore.framework in Frameworks */ = {isa = PBXBuildFile; fileRef = 00C59E601888F48800697980 /* QuartzCore.framework */; };
		00C59E8C1888F4A900697980 /* HeadingAngleSmall.png in Resources */ = {isa = PBXBuildFile; fileRef = 00C59E7C1888F4A900697980 /* HeadingAngleSmall.png */; };
		00C59E8D1888F4A900697980 /* HeadingAngleSmall@2x.png in Resources */ = {isa = PBXBuildFile; fileRef = 00C59E7D1888F4A900697980 /* HeadingAngleSmall@2x.png */; };
		00C59E8E1888F4A900697980 /* icon_clustering.png in Resources */ = {isa = PBXBuildFile; fileRef = 00C59E7E1888F4A900697980 /* icon_clustering.png */; };
		00C59E8F1888F4A900697980 /* icon_clustering@2x.png in Resources */ = {isa = PBXBuildFile; fileRef = 00C59E7F1888F4A900697980 /* icon_clustering@2x.png */; };
		00C59E901888F4A900697980 /* mapbg_tlogo.png in Resources */ = {isa = PBXBuildFile; fileRef = 00C59E801888F4A900697980 /* mapbg_tlogo.png */; };
		00C59E911888F4A900697980 /* mapbg_tlogo@2x.png in Resources */ = {isa = PBXBuildFile; fileRef = 00C59E811888F4A900697980 /* mapbg_tlogo@2x.png */; };
		00C59E921888F4A900697980 /* poweredby.png in Resources */ = {isa = PBXBuildFile; fileRef = 00C59E821888F4A900697980 /* poweredby.png */; };
		00C59E931888F4A900697980 /* poweredby@2x.png in Resources */ = {isa = PBXBuildFile; fileRef = 00C59E831888F4A900697980 /* poweredby@2x.png */; };
		00C59E941888F4A900697980 /* TrackingDot.png in Resources */ = {isa = PBXBuildFile; fileRef = 00C59E841888F4A900697980 /* TrackingDot.png */; };
		00C59E951888F4A900697980 /* TrackingDot@2x.png in Resources */ = {isa = PBXBuildFile; fileRef = 00C59E851888F4A900697980 /* TrackingDot@2x.png */; };
		00C59E961888F4A900697980 /* TrackingDotHalo.png in Resources */ = {isa = PBXBuildFile; fileRef = 00C59E861888F4A900697980 /* TrackingDotHalo.png */; };
		00C59E971888F4A900697980 /* TrackingDotHalo@2x.png in Resources */ = {isa = PBXBuildFile; fileRef = 00C59E871888F4A900697980 /* TrackingDotHalo@2x.png */; };
		00C59E981888F4A900697980 /* libskpMap_OP-iOS7.0.a in Frameworks */ = {isa = PBXBuildFile; fileRef = 00C59E881888F4A900697980 /* libskpMap_OP-iOS7.0.a */; };
/* End PBXBuildFile section */

/* Begin PBXContainerItemProxy section */
		00C59E4C1888F47900697980 /* PBXContainerItemProxy */ = {
			isa = PBXContainerItemProxy;
			containerPortal = 00C59E1E1888F47900697980 /* Project object */;
			proxyType = 1;
			remoteGlobalIDString = 00C59E251888F47900697980;
			remoteInfo = GPSManagerApp;
		};
/* End PBXContainerItemProxy section */

/* Begin PBXFileReference section */
		00C59E261888F47900697980 /* GPSManagerApp.app */ = {isa = PBXFileReference; explicitFileType = wrapper.application; includeInIndex = 0; path = GPSManagerApp.app; sourceTree = BUILT_PRODUCTS_DIR; };
		00C59E291888F47900697980 /* Foundation.framework */ = {isa = PBXFileReference; lastKnownFileType = wrapper.framework; name = Foundation.framework; path = System/Library/Frameworks/Foundation.framework; sourceTree = SDKROOT; };
		00C59E2B1888F47900697980 /* CoreGraphics.framework */ = {isa = PBXFileReference; lastKnownFileType = wrapper.framework; name = CoreGraphics.framework; path = System/Library/Frameworks/CoreGraphics.framework; sourceTree = SDKROOT; };
		00C59E2D1888F47900697980 /* UIKit.framework */ = {isa = PBXFileReference; lastKnownFileType = wrapper.framework; name = UIKit.framework; path = System/Library/Frameworks/UIKit.framework; sourceTree = SDKROOT; };
		00C59E311888F47900697980 /* GPSManagerApp-Info.plist */ = {isa = PBXFileReference; lastKnownFileType = text.plist.xml; path = "GPSManagerApp-Info.plist"; sourceTree = "<group>"; };
		00C59E331888F47900697980 /* en */ = {isa = PBXFileReference; lastKnownFileType = text.plist.strings; name = en; path = en.lproj/InfoPlist.strings; sourceTree = "<group>"; };
		00C59E351888F47900697980 /* main.m */ = {isa = PBXFileReference; lastKnownFileType = sourcecode.c.objc; path = main.m; sourceTree = "<group>"; };
		00C59E371888F47900697980 /* GPSManagerApp-Prefix.pch */ = {isa = PBXFileReference; lastKnownFileType = sourcecode.c.h; path = "GPSManagerApp-Prefix.pch"; sourceTree = "<group>"; };
		00C59E381888F47900697980 /* AppDelegate.h */ = {isa = PBXFileReference; lastKnownFileType = sourcecode.c.h; path = AppDelegate.h; sourceTree = "<group>"; };
		00C59E391888F47900697980 /* AppDelegate.m */ = {isa = PBXFileReference; lastKnownFileType = sourcecode.c.objc; path = AppDelegate.m; sourceTree = "<group>"; };
		00C59E3C1888F47900697980 /* Base */ = {isa = PBXFileReference; lastKnownFileType = file.storyboard; name = Base; path = Base.lproj/Main.storyboard; sourceTree = "<group>"; };
		00C59E3E1888F47900697980 /* ViewController.h */ = {isa = PBXFileReference; lastKnownFileType = sourcecode.c.h; path = ViewController.h; sourceTree = "<group>"; };
		00C59E3F1888F47900697980 /* ViewController.m */ = {isa = PBXFileReference; lastKnownFileType = sourcecode.c.objc; path = ViewController.m; sourceTree = "<group>"; };
		00C59E411888F47900697980 /* Images.xcassets */ = {isa = PBXFileReference; lastKnownFileType = folder.assetcatalog; path = Images.xcassets; sourceTree = "<group>"; };
		00C59E471888F47900697980 /* GPSManagerAppTests.xctest */ = {isa = PBXFileReference; explicitFileType = wrapper.cfbundle; includeInIndex = 0; path = GPSManagerAppTests.xctest; sourceTree = BUILT_PRODUCTS_DIR; };
		00C59E481888F47900697980 /* XCTest.framework */ = {isa = PBXFileReference; lastKnownFileType = wrapper.framework; name = XCTest.framework; path = Library/Frameworks/XCTest.framework; sourceTree = DEVELOPER_DIR; };
		00C59E501888F47900697980 /* GPSManagerAppTests-Info.plist */ = {isa = PBXFileReference; lastKnownFileType = text.plist.xml; path = "GPSManagerAppTests-Info.plist"; sourceTree = "<group>"; };
		00C59E521888F47900697980 /* en */ = {isa = PBXFileReference; lastKnownFileType = text.plist.strings; name = en; path = en.lproj/InfoPlist.strings; sourceTree = "<group>"; };
		00C59E541888F47900697980 /* GPSManagerAppTests.m */ = {isa = PBXFileReference; lastKnownFileType = sourcecode.c.objc; path = GPSManagerAppTests.m; sourceTree = "<group>"; };
		00C59E5E1888F48100697980 /* CoreLocation.framework */ = {isa = PBXFileReference; lastKnownFileType = wrapper.framework; name = CoreLocation.framework; path = System/Library/Frameworks/CoreLocation.framework; sourceTree = SDKROOT; };
		00C59E601888F48800697980 /* QuartzCore.framework */ = {isa = PBXFileReference; lastKnownFileType = wrapper.framework; name = QuartzCore.framework; path = System/Library/Frameworks/QuartzCore.framework; sourceTree = SDKROOT; };
		00C59E651888F4A900697980 /* BizCategory.h */ = {isa = PBXFileReference; fileEncoding = 4; lastKnownFileType = sourcecode.c.h; path = BizCategory.h; sourceTree = "<group>"; };
		00C59E671888F4A900697980 /* TMap.h */ = {isa = PBXFileReference; fileEncoding = 4; lastKnownFileType = sourcecode.c.h; path = TMap.h; sourceTree = "<group>"; };
		00C59E681888F4A900697980 /* TMapAnnotation.h */ = {isa = PBXFileReference; fileEncoding = 4; lastKnownFileType = sourcecode.c.h; path = TMapAnnotation.h; sourceTree = "<group>"; };
		00C59E691888F4A900697980 /* TMapBaseView.h */ = {isa = PBXFileReference; fileEncoding = 4; lastKnownFileType = sourcecode.c.h; path = TMapBaseView.h; sourceTree = "<group>"; };
		00C59E6A1888F4A900697980 /* TMapCircle.h */ = {isa = PBXFileReference; fileEncoding = 4; lastKnownFileType = sourcecode.c.h; path = TMapCircle.h; sourceTree = "<group>"; };
		00C59E6B1888F4A900697980 /* TMapGpsManager.h */ = {isa = PBXFileReference; fileEncoding = 4; lastKnownFileType = sourcecode.c.h; path = TMapGpsManager.h; sourceTree = "<group>"; };
		00C59E6C1888F4A900697980 /* TMapKatec.h */ = {isa = PBXFileReference; fileEncoding = 4; lastKnownFileType = sourcecode.c.h; path = TMapKatec.h; sourceTree = "<group>"; };
		00C59E6D1888F4A900697980 /* TMapLayer.h */ = {isa = PBXFileReference; fileEncoding = 4; lastKnownFileType = sourcecode.c.h; path = TMapLayer.h; sourceTree = "<group>"; };
		00C59E6E1888F4A900697980 /* TMapMarker.h */ = {isa = PBXFileReference; fileEncoding = 4; lastKnownFileType = sourcecode.c.h; path = TMapMarker.h; sourceTree = "<group>"; };
		00C59E6F1888F4A900697980 /* TMapMarkerItem.h */ = {isa = PBXFileReference; fileEncoding = 4; lastKnownFileType = sourcecode.c.h; path = TMapMarkerItem.h; sourceTree = "<group>"; };
		00C59E701888F4A900697980 /* TMapMarkerItem2.h */ = {isa = PBXFileReference; fileEncoding = 4; lastKnownFileType = sourcecode.c.h; path = TMapMarkerItem2.h; sourceTree = "<group>"; };
		00C59E711888F4A900697980 /* TMapObject.h */ = {isa = PBXFileReference; fileEncoding = 4; lastKnownFileType = sourcecode.c.h; path = TMapObject.h; sourceTree = "<group>"; };
		00C59E721888F4A900697980 /* TMapPathData.h */ = {isa = PBXFileReference; fileEncoding = 4; lastKnownFileType = sourcecode.c.h; path = TMapPathData.h; sourceTree = "<group>"; };
		00C59E731888F4A900697980 /* TMapPOIItem.h */ = {isa = PBXFileReference; fileEncoding = 4; lastKnownFileType = sourcecode.c.h; path = TMapPOIItem.h; sourceTree = "<group>"; };
		00C59E741888F4A900697980 /* TMapPoint.h */ = {isa = PBXFileReference; fileEncoding = 4; lastKnownFileType = sourcecode.c.h; path = TMapPoint.h; sourceTree = "<group>"; };
		00C59E751888F4A900697980 /* TMapPolygon.h */ = {isa = PBXFileReference; fileEncoding = 4; lastKnownFileType = sourcecode.c.h; path = TMapPolygon.h; sourceTree = "<group>"; };
		00C59E761888F4A900697980 /* TMapPolyLine.h */ = {isa = PBXFileReference; fileEncoding = 4; lastKnownFileType = sourcecode.c.h; path = TMapPolyLine.h; sourceTree = "<group>"; };
		00C59E771888F4A900697980 /* TMapTapi.h */ = {isa = PBXFileReference; fileEncoding = 4; lastKnownFileType = sourcecode.c.h; path = TMapTapi.h; sourceTree = "<group>"; };
		00C59E781888F4A900697980 /* TMapType.h */ = {isa = PBXFileReference; fileEncoding = 4; lastKnownFileType = sourcecode.c.h; path = TMapType.h; sourceTree = "<group>"; };
		00C59E791888F4A900697980 /* TMapView.h */ = {isa = PBXFileReference; fileEncoding = 4; lastKnownFileType = sourcecode.c.h; path = TMapView.h; sourceTree = "<group>"; };
		00C59E7C1888F4A900697980 /* HeadingAngleSmall.png */ = {isa = PBXFileReference; lastKnownFileType = image.png; path = HeadingAngleSmall.png; sourceTree = "<group>"; };
		00C59E7D1888F4A900697980 /* HeadingAngleSmall@2x.png */ = {isa = PBXFileReference; lastKnownFileType = image.png; path = "HeadingAngleSmall@2x.png"; sourceTree = "<group>"; };
		00C59E7E1888F4A900697980 /* icon_clustering.png */ = {isa = PBXFileReference; lastKnownFileType = image.png; path = icon_clustering.png; sourceTree = "<group>"; };
		00C59E7F1888F4A900697980 /* icon_clustering@2x.png */ = {isa = PBXFileReference; lastKnownFileType = image.png; path = "icon_clustering@2x.png"; sourceTree = "<group>"; };
		00C59E801888F4A900697980 /* mapbg_tlogo.png */ = {isa = PBXFileReference; lastKnownFileType = image.png; path = mapbg_tlogo.png; sourceTree = "<group>"; };
		00C59E811888F4A900697980 /* mapbg_tlogo@2x.png */ = {isa = PBXFileReference; lastKnownFileType = image.png; path = "mapbg_tlogo@2x.png"; sourceTree = "<group>"; };
		00C59E821888F4A900697980 /* poweredby.png */ = {isa = PBXFileReference; lastKnownFileType = image.png; path = poweredby.png; sourceTree = "<group>"; };
		00C59E831888F4A900697980 /* poweredby@2x.png */ = {isa = PBXFileReference; lastKnownFileType = image.png; path = "poweredby@2x.png"; sourceTree = "<group>"; };
		00C59E841888F4A900697980 /* TrackingDot.png */ = {isa = PBXFileReference; lastKnownFileType = image.png; path = TrackingDot.png; sourceTree = "<group>"; };
		00C59E851888F4A900697980 /* TrackingDot@2x.png */ = {isa = PBXFileReference; lastKnownFileType = image.png; path = "TrackingDot@2x.png"; sourceTree = "<group>"; };
		00C59E861888F4A900697980 /* TrackingDotHalo.png */ = {isa = PBXFileReference; lastKnownFileType = image.png; path = TrackingDotHalo.png; sourceTree = "<group>"; };
		00C59E871888F4A900697980 /* TrackingDotHalo@2x.png */ = {isa = PBXFileReference; lastKnownFileType = image.png; path = "TrackingDotHalo@2x.png"; sourceTree = "<group>"; };
		00C59E881888F4A900697980 /* libskpMap_OP-iOS7.0.a */ = {isa = PBXFileReference; lastKnownFileType = archive.ar; path = "libskpMap_OP-iOS7.0.a"; sourceTree = "<group>"; };
/* End PBXFileReference section */

/* Begin PBXFrameworksBuildPhase section */
		00C59E231888F47900697980 /* Frameworks */ = {
			isa = PBXFrameworksBuildPhase;
			buildActionMask = 2147483647;
			files = (
				00C59E611888F48800697980 /* QuartzCore.framework in Frameworks */,
				00C59E5F1888F48100697980 /* CoreLocation.framework in Frameworks */,
				00C59E2C1888F47900697980 /* CoreGraphics.framework in Frameworks */,
				00C59E2E1888F47900697980 /* UIKit.framework in Frameworks */,
				00C59E981888F4A900697980 /* libskpMap_OP-iOS7.0.a in Frameworks */,
				00C59E2A1888F47900697980 /* Foundation.framework in Frameworks */,
			);
			runOnlyForDeploymentPostprocessing = 0;
		};
		00C59E441888F47900697980 /* Frameworks */ = {
			isa = PBXFrameworksBuildPhase;
			buildActionMask = 2147483647;
			files = (
				00C59E491888F47900697980 /* XCTest.framework in Frameworks */,
				00C59E4B1888F47900697980 /* UIKit.framework in Frameworks */,
				00C59E4A1888F47900697980 /* Foundation.framework in Frameworks */,
			);
			runOnlyForDeploymentPostprocessing = 0;
		};
/* End PBXFrameworksBuildPhase section */

/* Begin PBXGroup section */
		00C59E1D1888F47900697980 = {
			isa = PBXGroup;
			children = (
				00C59E621888F4A900697980 /* lib */,
				00C59E2F1888F47900697980 /* GPSManagerApp */,
				00C59E4E1888F47900697980 /* GPSManagerAppTests */,
				00C59E281888F47900697980 /* Frameworks */,
				00C59E271888F47900697980 /* Products */,
			);
			sourceTree = "<group>";
		};
		00C59E271888F47900697980 /* Products */ = {
			isa = PBXGroup;
			children = (
				00C59E261888F47900697980 /* GPSManagerApp.app */,
				00C59E471888F47900697980 /* GPSManagerAppTests.xctest */,
			);
			name = Products;
			sourceTree = "<group>";
		};
		00C59E281888F47900697980 /* Frameworks */ = {
			isa = PBXGroup;
			children = (
				00C59E601888F48800697980 /* QuartzCore.framework */,
				00C59E5E1888F48100697980 /* CoreLocation.framework */,
				00C59E291888F47900697980 /* Foundation.framework */,
				00C59E2B1888F47900697980 /* CoreGraphics.framework */,
				00C59E2D1888F47900697980 /* UIKit.framework */,
				00C59E481888F47900697980 /* XCTest.framework */,
			);
			name = Frameworks;
			sourceTree = "<group>";
		};
		00C59E2F1888F47900697980 /* GPSManagerApp */ = {
			isa = PBXGroup;
			children = (
				00C59E381888F47900697980 /* AppDelegate.h */,
				00C59E391888F47900697980 /* AppDelegate.m */,
				00C59E3B1888F47900697980 /* Main.storyboard */,
				00C59E3E1888F47900697980 /* ViewController.h */,
				00C59E3F1888F47900697980 /* ViewController.m */,
				00C59E411888F47900697980 /* Images.xcassets */,
				00C59E301888F47900697980 /* Supporting Files */,
			);
			path = GPSManagerApp;
			sourceTree = "<group>";
		};
		00C59E301888F47900697980 /* Supporting Files */ = {
			isa = PBXGroup;
			children = (
				00C59E311888F47900697980 /* GPSManagerApp-Info.plist */,
				00C59E321888F47900697980 /* InfoPlist.strings */,
				00C59E351888F47900697980 /* main.m */,
				00C59E371888F47900697980 /* GPSManagerApp-Prefix.pch */,
			);
			name = "Supporting Files";
			sourceTree = "<group>";
		};
		00C59E4E1888F47900697980 /* GPSManagerAppTests */ = {
			isa = PBXGroup;
			children = (
				00C59E541888F47900697980 /* GPSManagerAppTests.m */,
				00C59E4F1888F47900697980 /* Supporting Files */,
			);
			path = GPSManagerAppTests;
			sourceTree = "<group>";
		};
		00C59E4F1888F47900697980 /* Supporting Files */ = {
			isa = PBXGroup;
			children = (
				00C59E501888F47900697980 /* GPSManagerAppTests-Info.plist */,
				00C59E511888F47900697980 /* InfoPlist.strings */,
			);
			name = "Supporting Files";
			sourceTree = "<group>";
		};
		00C59E621888F4A900697980 /* lib */ = {
			isa = PBXGroup;
			children = (
				00C59E641888F4A900697980 /* Headers */,
				00C59E7A1888F4A900697980 /* Images */,
				00C59E881888F4A900697980 /* libskpMap_OP-iOS7.0.a */,
			);
			path = lib;
			sourceTree = "<group>";
		};
		00C59E641888F4A900697980 /* Headers */ = {
			isa = PBXGroup;
			children = (
				00C59E651888F4A900697980 /* BizCategory.h */,
				00C59E671888F4A900697980 /* TMap.h */,
				00C59E681888F4A900697980 /* TMapAnnotation.h */,
				00C59E691888F4A900697980 /* TMapBaseView.h */,
				00C59E6A1888F4A900697980 /* TMapCircle.h */,
				00C59E6B1888F4A900697980 /* TMapGpsManager.h */,
				00C59E6C1888F4A900697980 /* TMapKatec.h */,
				00C59E6D1888F4A900697980 /* TMapLayer.h */,
				00C59E6E1888F4A900697980 /* TMapMarker.h */,
				00C59E6F1888F4A900697980 /* TMapMarkerItem.h */,
				00C59E701888F4A900697980 /* TMapMarkerItem2.h */,
				00C59E711888F4A900697980 /* TMapObject.h */,
				00C59E721888F4A900697980 /* TMapPathData.h */,
				00C59E731888F4A900697980 /* TMapPOIItem.h */,
				00C59E741888F4A900697980 /* TMapPoint.h */,
				00C59E751888F4A900697980 /* TMapPolygon.h */,
				00C59E761888F4A900697980 /* TMapPolyLine.h */,
				00C59E771888F4A900697980 /* TMapTapi.h */,
				00C59E781888F4A900697980 /* TMapType.h */,
				00C59E791888F4A900697980 /* TMapView.h */,
			);
			path = Headers;
			sourceTree = "<group>";
		};
		00C59E7A1888F4A900697980 /* Images */ = {
			isa = PBXGroup;
			children = (
				00C59E7C1888F4A900697980 /* HeadingAngleSmall.png */,
				00C59E7D1888F4A900697980 /* HeadingAngleSmall@2x.png */,
				00C59E7E1888F4A900697980 /* icon_clustering.png */,
				00C59E7F1888F4A900697980 /* icon_clustering@2x.png */,
				00C59E801888F4A900697980 /* mapbg_tlogo.png */,
				00C59E811888F4A900697980 /* mapbg_tlogo@2x.png */,
				00C59E821888F4A900697980 /* poweredby.png */,
				00C59E831888F4A900697980 /* poweredby@2x.png */,
				00C59E841888F4A900697980 /* TrackingDot.png */,
				00C59E851888F4A900697980 /* TrackingDot@2x.png */,
				00C59E861888F4A900697980 /* TrackingDotHalo.png */,
				00C59E871888F4A900697980 /* TrackingDotHalo@2x.png */,
			);
			path = Images;
			sourceTree = "<group>";
		};
/* End PBXGroup section */

/* Begin PBXNativeTarget section */
		00C59E251888F47900697980 /* GPSManagerApp */ = {
			isa = PBXNativeTarget;
			buildConfigurationList = 00C59E581888F47900697980 /* Build configuration list for PBXNativeTarget "GPSManagerApp" */;
			buildPhases = (
				00C59E221888F47900697980 /* Sources */,
				00C59E231888F47900697980 /* Frameworks */,
				00C59E241888F47900697980 /* Resources */,
			);
			buildRules = (
			);
			dependencies = (
			);
			name = GPSManagerApp;
			productName = GPSManagerApp;
			productReference = 00C59E261888F47900697980 /* GPSManagerApp.app */;
			productType = "com.apple.product-type.application";
		};
		00C59E461888F47900697980 /* GPSManagerAppTests */ = {
			isa = PBXNativeTarget;
			buildConfigurationList = 00C59E5B1888F47900697980 /* Build configuration list for PBXNativeTarget "GPSManagerAppTests" */;
			buildPhases = (
				00C59E431888F47900697980 /* Sources */,
				00C59E441888F47900697980 /* Frameworks */,
				00C59E451888F47900697980 /* Resources */,
			);
			buildRules = (
			);
			dependencies = (
				00C59E4D1888F47900697980 /* PBXTargetDependency */,
			);
			name = GPSManagerAppTests;
			productName = GPSManagerAppTests;
			productReference = 00C59E471888F47900697980 /* GPSManagerAppTests.xctest */;
			productType = "com.apple.product-type.bundle.unit-test";
		};
/* End PBXNativeTarget section */

/* Begin PBXProject section */
		00C59E1E1888F47900697980 /* Project object */ = {
			isa = PBXProject;
			attributes = {
				LastUpgradeCheck = 0500;
				ORGANIZATIONNAME = "SDT-1";
				TargetAttributes = {
					00C59E461888F47900697980 = {
						TestTargetID = 00C59E251888F47900697980;
					};
				};
			};
			buildConfigurationList = 00C59E211888F47900697980 /* Build configuration list for PBXProject "GPSManagerApp" */;
			compatibilityVersion = "Xcode 3.2";
			developmentRegion = English;
			hasScannedForEncodings = 0;
			knownRegions = (
				en,
				Base,
			);
			mainGroup = 00C59E1D1888F47900697980;
			productRefGroup = 00C59E271888F47900697980 /* Products */;
			projectDirPath = "";
			projectRoot = "";
			targets = (
				00C59E251888F47900697980 /* GPSManagerApp */,
				00C59E461888F47900697980 /* GPSManagerAppTests */,
			);
		};
/* End PBXProject section */

/* Begin PBXResourcesBuildPhase section */
		00C59E241888F47900697980 /* Resources */ = {
			isa = PBXResourcesBuildPhase;
			buildActionMask = 2147483647;
			files = (
				00C59E8E1888F4A900697980 /* icon_clustering.png in Resources */,
				00C59E971888F4A900697980 /* TrackingDotHalo@2x.png in Resources */,
				00C59E961888F4A900697980 /* TrackingDotHalo.png in Resources */,
				00C59E8C1888F4A900697980 /* HeadingAngleSmall.png in Resources */,
				00C59E421888F47900697980 /* Images.xcassets in Resources */,
				00C59E8F1888F4A900697980 /* icon_clustering@2x.png in Resources */,
				00C59E911888F4A900697980 /* mapbg_tlogo@2x.png in Resources */,
				00C59E341888F47900697980 /* InfoPlist.strings in Resources */,
				00C59E901888F4A900697980 /* mapbg_tlogo.png in Resources */,
				00C59E951888F4A900697980 /* TrackingDot@2x.png in Resources */,
				00C59E941888F4A900697980 /* TrackingDot.png in Resources */,
				00C59E8D1888F4A900697980 /* HeadingAngleSmall@2x.png in Resources */,
				00C59E931888F4A900697980 /* poweredby@2x.png in Resources */,
				00C59E921888F4A900697980 /* poweredby.png in Resources */,
				00C59E3D1888F47900697980 /* Main.storyboard in Resources */,
			);
			runOnlyForDeploymentPostprocessing = 0;
		};
		00C59E451888F47900697980 /* Resources */ = {
			isa = PBXResourcesBuildPhase;
			buildActionMask = 2147483647;
			files = (
				00C59E531888F47900697980 /* InfoPlist.strings in Resources */,
			);
			runOnlyForDeploymentPostprocessing = 0;
		};
/* End PBXResourcesBuildPhase section */

/* Begin PBXSourcesBuildPhase section */
		00C59E221888F47900697980 /* Sources */ = {
			isa = PBXSourcesBuildPhase;
			buildActionMask = 2147483647;
			files = (
				00C59E401888F47900697980 /* ViewController.m in Sources */,
				00C59E3A1888F47900697980 /* AppDelegate.m in Sources */,
				00C59E361888F47900697980 /* main.m in Sources */,
			);
			runOnlyForDeploymentPostprocessing = 0;
		};
		00C59E431888F47900697980 /* Sources */ = {
			isa = PBXSourcesBuildPhase;
			buildActionMask = 2147483647;
			files = (
				00C59E551888F47900697980 /* GPSManagerAppTests.m in Sources */,
			);
			runOnlyForDeploymentPostprocessing = 0;
		};
/* End PBXSourcesBuildPhase section */

/* Begin PBXTargetDependency section */
		00C59E4D1888F47900697980 /* PBXTargetDependency */ = {
			isa = PBXTargetDependency;
			target = 00C59E251888F47900697980 /* GPSManagerApp */;
			targetProxy = 00C59E4C1888F47900697980 /* PBXContainerItemProxy */;
		};
/* End PBXTargetDependency section */

/* Begin PBXVariantGroup section */
		00C59E321888F47900697980 /* InfoPlist.strings */ = {
			isa = PBXVariantGroup;
			children = (
				00C59E331888F47900697980 /* en */,
			);
			name = InfoPlist.strings;
			sourceTree = "<group>";
		};
		00C59E3B1888F47900697980 /* Main.storyboard */ = {
			isa = PBXVariantGroup;
			children = (
				00C59E3C1888F47900697980 /* Base */,
			);
			name = Main.storyboard;
			sourceTree = "<group>";
		};
		00C59E511888F47900697980 /* InfoPlist.strings */ = {
			isa = PBXVariantGroup;
			children = (
				00C59E521888F47900697980 /* en */,
			);
			name = InfoPlist.strings;
			sourceTree = "<group>";
		};
/* End PBXVariantGroup section */

/* Begin XCBuildConfiguration section */
		00C59E561888F47900697980 /* Debug */ = {
			isa = XCBuildConfiguration;
			buildSettings = {
				ALWAYS_SEARCH_USER_PATHS = NO;
				ARCHS = "$(ARCHS_STANDARD_INCLUDING_64_BIT)";
				CLANG_CXX_LANGUAGE_STANDARD = "gnu++0x";
				CLANG_CXX_LIBRARY = "libc++";
				CLANG_ENABLE_MODULES = YES;
				CLANG_ENABLE_OBJC_ARC = YES;
				CLANG_WARN_BOOL_CONVERSION = YES;
				CLANG_WARN_CONSTANT_CONVERSION = YES;
				CLANG_WARN_DIRECT_OBJC_ISA_USAGE = YES_ERROR;
				CLANG_WARN_EMPTY_BODY = YES;
				CLANG_WARN_ENUM_CONVERSION = YES;
				CLANG_WARN_INT_CONVERSION = YES;
				CLANG_WARN_OBJC_ROOT_CLASS = YES_ERROR;
				CLANG_WARN__DUPLICATE_METHOD_MATCH = YES;
				"CODE_SIGN_IDENTITY[sdk=iphoneos*]" = "iPhone Developer";
				COPY_PHASE_STRIP = NO;
				GCC_C_LANGUAGE_STANDARD = gnu99;
				GCC_DYNAMIC_NO_PIC = NO;
				GCC_OPTIMIZATION_LEVEL = 0;
				GCC_PREPROCESSOR_DEFINITIONS = (
					"DEBUG=1",
					"$(inherited)",
				);
				GCC_SYMBOLS_PRIVATE_EXTERN = NO;
				GCC_WARN_64_TO_32_BIT_CONVERSION = YES;
				GCC_WARN_ABOUT_RETURN_TYPE = YES_ERROR;
				GCC_WARN_UNDECLARED_SELECTOR = YES;
				GCC_WARN_UNINITIALIZED_AUTOS = YES;
				GCC_WARN_UNUSED_FUNCTION = YES;
				GCC_WARN_UNUSED_VARIABLE = YES;
				IPHONEOS_DEPLOYMENT_TARGET = 7.0;
				ONLY_ACTIVE_ARCH = YES;
				SDKROOT = iphoneos;
			};
			name = Debug;
		};
		00C59E571888F47900697980 /* Release */ = {
			isa = XCBuildConfiguration;
			buildSettings = {
				ALWAYS_SEARCH_USER_PATHS = NO;
				ARCHS = "$(ARCHS_STANDARD_INCLUDING_64_BIT)";
				CLANG_CXX_LANGUAGE_STANDARD = "gnu++0x";
				CLANG_CXX_LIBRARY = "libc++";
				CLANG_ENABLE_MODULES = YES;
				CLANG_ENABLE_OBJC_ARC = YES;
				CLANG_WARN_BOOL_CONVERSION = YES;
				CLANG_WARN_CONSTANT_CONVERSION = YES;
				CLANG_WARN_DIRECT_OBJC_ISA_USAGE = YES_ERROR;
				CLANG_WARN_EMPTY_BODY = YES;
				CLANG_WARN_ENUM_CONVERSION = YES;
				CLANG_WARN_INT_CONVERSION = YES;
				CLANG_WARN_OBJC_ROOT_CLASS = YES_ERROR;
				CLANG_WARN__DUPLICATE_METHOD_MATCH = YES;
				"CODE_SIGN_IDENTITY[sdk=iphoneos*]" = "iPhone Developer";
				COPY_PHASE_STRIP = YES;
				ENABLE_NS_ASSERTIONS = NO;
				GCC_C_LANGUAGE_STANDARD = gnu99;
				GCC_WARN_64_TO_32_BIT_CONVERSION = YES;
				GCC_WARN_ABOUT_RETURN_TYPE = YES_ERROR;
				GCC_WARN_UNDECLARED_SELECTOR = YES;
				GCC_WARN_UNINITIALIZED_AUTOS = YES;
				GCC_WARN_UNUSED_FUNCTION = YES;
				GCC_WARN_UNUSED_VARIABLE = YES;
				IPHONEOS_DEPLOYMENT_TARGET = 7.0;
				SDKROOT = iphoneos;
				VALIDATE_PRODUCT = YES;
			};
			name = Release;
		};
		00C59E591888F47900697980 /* Debug */ = {
			isa = XCBuildConfiguration;
			buildSettings = {
				ASSETCATALOG_COMPILER_APPICON_NAME = AppIcon;
				ASSETCATALOG_COMPILER_LAUNCHIMAGE_NAME = LaunchImage;
				GCC_PRECOMPILE_PREFIX_HEADER = YES;
				GCC_PREFIX_HEADER = "GPSManagerApp/GPSManagerApp-Prefix.pch";
				HEADER_SEARCH_PATHS = (
					"$(inherited)",
					/Applications/Xcode.app/Contents/Developer/Toolchains/XcodeDefault.xctoolchain/usr/include,
					"\"$(SRCROOT)/../../../Downloads/[iOS]TmapSDK_배포압축용_1/lib/Headers\"",
				);
				INFOPLIST_FILE = "GPSManagerApp/GPSManagerApp-Info.plist";
				LIBRARY_SEARCH_PATHS = (
					"$(inherited)",
					"/Users/SDT-1/Documents/Projects/GPSManagerApp/lib",
				);
				PRODUCT_NAME = "$(TARGET_NAME)";
				WRAPPER_EXTENSION = app;
			};
			name = Debug;
		};
		00C59E5A1888F47900697980 /* Release */ = {
			isa = XCBuildConfiguration;
			buildSettings = {
				ASSETCATALOG_COMPILER_APPICON_NAME = AppIcon;
				ASSETCATALOG_COMPILER_LAUNCHIMAGE_NAME = LaunchImage;
				GCC_PRECOMPILE_PREFIX_HEADER = YES;
				GCC_PREFIX_HEADER = "GPSManagerApp/GPSManagerApp-Prefix.pch";
				HEADER_SEARCH_PATHS = (
					"$(inherited)",
					/Applications/Xcode.app/Contents/Developer/Toolchains/XcodeDefault.xctoolchain/usr/include,
					"\"$(SRCROOT)/../../../Downloads/[iOS]TmapSDK_배포압축용_1/lib/Headers\"",
				);
				INFOPLIST_FILE = "GPSManagerApp/GPSManagerApp-Info.plist";
				LIBRARY_SEARCH_PATHS = (
					"$(inherited)",
					"/Users/SDT-1/Documents/Projects/GPSManagerApp/lib",
				);
				PRODUCT_NAME = "$(TARGET_NAME)";
				WRAPPER_EXTENSION = app;
			};
			name = Release;
		};
		00C59E5C1888F47900697980 /* Debug */ = {
			isa = XCBuildConfiguration;
			buildSettings = {
				ARCHS = "$(ARCHS_STANDARD_INCLUDING_64_BIT)";
				BUNDLE_LOADER = "$(BUILT_PRODUCTS_DIR)/GPSManagerApp.app/GPSManagerApp";
				FRAMEWORK_SEARCH_PATHS = (
					"$(SDKROOT)/Developer/Library/Frameworks",
					"$(inherited)",
					"$(DEVELOPER_FRAMEWORKS_DIR)",
				);
				GCC_PRECOMPILE_PREFIX_HEADER = YES;
				GCC_PREFIX_HEADER = "GPSManagerApp/GPSManagerApp-Prefix.pch";
				GCC_PREPROCESSOR_DEFINITIONS = (
					"DEBUG=1",
					"$(inherited)",
				);
				INFOPLIST_FILE = "GPSManagerAppTests/GPSManagerAppTests-Info.plist";
				PRODUCT_NAME = "$(TARGET_NAME)";
				TEST_HOST = "$(BUNDLE_LOADER)";
				WRAPPER_EXTENSION = xctest;
			};
			name = Debug;
		};
		00C59E5D1888F47900697980 /* Release */ = {
			isa = XCBuildConfiguration;
			buildSettings = {
				ARCHS = "$(ARCHS_STANDARD_INCLUDING_64_BIT)";
				BUNDLE_LOADER = "$(BUILT_PRODUCTS_DIR)/GPSManagerApp.app/GPSManagerApp";
				FRAMEWORK_SEARCH_PATHS = (
					"$(SDKROOT)/Developer/Library/Frameworks",
					"$(inherited)",
					"$(DEVELOPER_FRAMEWORKS_DIR)",
				);
				GCC_PRECOMPILE_PREFIX_HEADER = YES;
				GCC_PREFIX_HEADER = "GPSManagerApp/GPSManagerApp-Prefix.pch";
				INFOPLIST_FILE = "GPSManagerAppTests/GPSManagerAppTests-Info.plist";
				PRODUCT_NAME = "$(TARGET_NAME)";
				TEST_HOST = "$(BUNDLE_LOADER)";
				WRAPPER_EXTENSION = xctest;
			};
			name = Release;
		};
/* End XCBuildConfiguration section */

/* Begin XCConfigurationList section */
		00C59E211888F47900697980 /* Build configuration list for PBXProject "GPSManagerApp" */ = {
			isa = XCConfigurationList;
			buildConfigurations = (
				00C59E561888F47900697980 /* Debug */,
				00C59E571888F47900697980 /* Release */,
			);
			defaultConfigurationIsVisible = 0;
			defaultConfigurationName = Release;
		};
		00C59E581888F47900697980 /* Build configuration list for PBXNativeTarget "GPSManagerApp" */ = {
			isa = XCConfigurationList;
			buildConfigurations = (
				00C59E591888F47900697980 /* Debug */,
				00C59E5A1888F47900697980 /* Release */,
			);
			defaultConfigurationIsVisible = 0;
		};
		00C59E5B1888F47900697980 /* Build configuration list for PBXNativeTarget "GPSManagerAppTests" */ = {
			isa = XCConfigurationList;
			buildConfigurations = (
				00C59E5C1888F47900697980 /* Debug */,
				00C59E5D1888F47900697980 /* Release */,
			);
			defaultConfigurationIsVisible = 0;
		};
/* End XCConfigurationList section */
	};
	rootObject = 00C59E1E1888F47900697980 /* Project object */;
}
